// !$*UTF8*$!
{
	archiveVersion = 1;
	classes = {
	};
	objectVersion = 50;
	objects = {

/* Begin PBXBuildFile section */
		405E40C92109B05C00EB57F2 /* Dependency.swift in Sources */ = {isa = PBXBuildFile; fileRef = 405E40C82109B05C00EB57F2 /* Dependency.swift */; };
		405E40CB2109B09F00EB57F2 /* CacheStorage.swift in Sources */ = {isa = PBXBuildFile; fileRef = 405E40CA2109B09F00EB57F2 /* CacheStorage.swift */; };
		405E40CD2109B26000EB57F2 /* Synchronizer.swift in Sources */ = {isa = PBXBuildFile; fileRef = 405E40CC2109B26000EB57F2 /* Synchronizer.swift */; };
		405E40CF2109B7EC00EB57F2 /* CoinDeskDataProvider.swift in Sources */ = {isa = PBXBuildFile; fileRef = 405E40CE2109B7EC00EB57F2 /* CoinDeskDataProvider.swift */; };
		405E41022109EC3100EB57F2 /* Common.framework in Frameworks */ = {isa = PBXBuildFile; fileRef = 405E41012109EC3100EB57F2 /* Common.framework */; };
		405E410B210A62C400EB57F2 /* Renderer.swift in Sources */ = {isa = PBXBuildFile; fileRef = 405E410A210A62C400EB57F2 /* Renderer.swift */; };
		405E410D210A644800EB57F2 /* OfflineModeView.xib in Resources */ = {isa = PBXBuildFile; fileRef = 405E410C210A644800EB57F2 /* OfflineModeView.xib */; };
		405E410F210A645400EB57F2 /* OfflineModeView.swift in Sources */ = {isa = PBXBuildFile; fileRef = 405E410E210A645400EB57F2 /* OfflineModeView.swift */; };
		405E55392108A82200B2622B /* Localizable.strings in Resources */ = {isa = PBXBuildFile; fileRef = 405E553B2108A82200B2622B /* Localizable.strings */; };
		405E55472108CA4C00B2622B /* Main.storyboard in Resources */ = {isa = PBXBuildFile; fileRef = 405E55462108CA3500B2622B /* Main.storyboard */; };
		405E55482108CA5000B2622B /* LaunchScreen.storyboard in Resources */ = {isa = PBXBuildFile; fileRef = 405E55452108CA3500B2622B /* LaunchScreen.storyboard */; };
		40648E202104E27E00351752 /* AppDelegate.swift in Sources */ = {isa = PBXBuildFile; fileRef = 40648E1F2104E27E00351752 /* AppDelegate.swift */; };
		40648E222104E27E00351752 /* ViewController.swift in Sources */ = {isa = PBXBuildFile; fileRef = 40648E212104E27E00351752 /* ViewController.swift */; };
		40648E272104E28300351752 /* Assets.xcassets in Resources */ = {isa = PBXBuildFile; fileRef = 40648E262104E28300351752 /* Assets.xcassets */; };
		40648E352104E28300351752 /* CoinDeskAppTests.swift in Sources */ = {isa = PBXBuildFile; fileRef = 40648E342104E28300351752 /* CoinDeskAppTests.swift */; };
		40648E412104E2D200351752 /* CoinDeskProvider.framework in Frameworks */ = {isa = PBXBuildFile; fileRef = 40648E402104E2D200351752 /* CoinDeskProvider.framework */; };
/* End PBXBuildFile section */

/* Begin PBXContainerItemProxy section */
		40648E312104E28300351752 /* PBXContainerItemProxy */ = {
			isa = PBXContainerItemProxy;
			containerPortal = 40648E142104E27E00351752 /* Project object */;
			proxyType = 1;
			remoteGlobalIDString = 40648E1B2104E27E00351752;
			remoteInfo = CoinDeskApp;
		};
/* End PBXContainerItemProxy section */

/* Begin PBXFileReference section */
		405E40C82109B05C00EB57F2 /* Dependency.swift */ = {isa = PBXFileReference; lastKnownFileType = sourcecode.swift; path = Dependency.swift; sourceTree = "<group>"; };
		405E40CA2109B09F00EB57F2 /* CacheStorage.swift */ = {isa = PBXFileReference; lastKnownFileType = sourcecode.swift; path = CacheStorage.swift; sourceTree = "<group>"; };
		405E40CC2109B26000EB57F2 /* Synchronizer.swift */ = {isa = PBXFileReference; lastKnownFileType = sourcecode.swift; path = Synchronizer.swift; sourceTree = "<group>"; };
		405E40CE2109B7EC00EB57F2 /* CoinDeskDataProvider.swift */ = {isa = PBXFileReference; lastKnownFileType = sourcecode.swift; path = CoinDeskDataProvider.swift; sourceTree = "<group>"; };
		405E41012109EC3100EB57F2 /* Common.framework */ = {isa = PBXFileReference; explicitFileType = wrapper.framework; path = Common.framework; sourceTree = BUILT_PRODUCTS_DIR; };
		405E410A210A62C400EB57F2 /* Renderer.swift */ = {isa = PBXFileReference; lastKnownFileType = sourcecode.swift; path = Renderer.swift; sourceTree = "<group>"; };
		405E410C210A644800EB57F2 /* OfflineModeView.xib */ = {isa = PBXFileReference; lastKnownFileType = file.xib; path = OfflineModeView.xib; sourceTree = "<group>"; };
		405E410E210A645400EB57F2 /* OfflineModeView.swift */ = {isa = PBXFileReference; lastKnownFileType = sourcecode.swift; path = OfflineModeView.swift; sourceTree = "<group>"; };
		405E55452108CA3500B2622B /* LaunchScreen.storyboard */ = {isa = PBXFileReference; lastKnownFileType = file.storyboard; path = LaunchScreen.storyboard; sourceTree = "<group>"; };
		405E55462108CA3500B2622B /* Main.storyboard */ = {isa = PBXFileReference; lastKnownFileType = file.storyboard; path = Main.storyboard; sourceTree = "<group>"; };
		405E55492108CA5800B2622B /* Base */ = {isa = PBXFileReference; lastKnownFileType = text.plist.strings; name = Base; path = Base.lproj/Localizable.strings; sourceTree = "<group>"; };
		40648E1C2104E27E00351752 /* CoinDeskApp.app */ = {isa = PBXFileReference; explicitFileType = wrapper.application; includeInIndex = 0; path = CoinDeskApp.app; sourceTree = BUILT_PRODUCTS_DIR; };
		40648E1F2104E27E00351752 /* AppDelegate.swift */ = {isa = PBXFileReference; lastKnownFileType = sourcecode.swift; path = AppDelegate.swift; sourceTree = "<group>"; };
		40648E212104E27E00351752 /* ViewController.swift */ = {isa = PBXFileReference; lastKnownFileType = sourcecode.swift; path = ViewController.swift; sourceTree = "<group>"; };
		40648E262104E28300351752 /* Assets.xcassets */ = {isa = PBXFileReference; lastKnownFileType = folder.assetcatalog; path = Assets.xcassets; sourceTree = "<group>"; };
		40648E2B2104E28300351752 /* Info.plist */ = {isa = PBXFileReference; lastKnownFileType = text.plist.xml; path = Info.plist; sourceTree = "<group>"; };
		40648E302104E28300351752 /* CoinDeskAppTests.xctest */ = {isa = PBXFileReference; explicitFileType = wrapper.cfbundle; includeInIndex = 0; path = CoinDeskAppTests.xctest; sourceTree = BUILT_PRODUCTS_DIR; };
		40648E342104E28300351752 /* CoinDeskAppTests.swift */ = {isa = PBXFileReference; lastKnownFileType = sourcecode.swift; path = CoinDeskAppTests.swift; sourceTree = "<group>"; };
		40648E362104E28400351752 /* Info.plist */ = {isa = PBXFileReference; lastKnownFileType = text.plist.xml; path = Info.plist; sourceTree = "<group>"; };
		40648E402104E2D200351752 /* CoinDeskProvider.framework */ = {isa = PBXFileReference; explicitFileType = wrapper.framework; path = CoinDeskProvider.framework; sourceTree = BUILT_PRODUCTS_DIR; };
/* End PBXFileReference section */

/* Begin PBXFrameworksBuildPhase section */
		40648E192104E27E00351752 /* Frameworks */ = {
			isa = PBXFrameworksBuildPhase;
			buildActionMask = 2147483647;
			files = (
				405E41022109EC3100EB57F2 /* Common.framework in Frameworks */,
				40648E412104E2D200351752 /* CoinDeskProvider.framework in Frameworks */,
			);
			runOnlyForDeploymentPostprocessing = 0;
		};
		40648E2D2104E28300351752 /* Frameworks */ = {
			isa = PBXFrameworksBuildPhase;
			buildActionMask = 2147483647;
			files = (
			);
			runOnlyForDeploymentPostprocessing = 0;
		};
/* End PBXFrameworksBuildPhase section */

/* Begin PBXGroup section */
		405E40C72109B03C00EB57F2 /* Services */ = {
			isa = PBXGroup;
			children = (
				405E40CA2109B09F00EB57F2 /* CacheStorage.swift */,
				405E40CC2109B26000EB57F2 /* Synchronizer.swift */,
				405E40CE2109B7EC00EB57F2 /* CoinDeskDataProvider.swift */,
			);
			path = Services;
			sourceTree = "<group>";
		};
		405E4108210A5ED600EB57F2 /* Views */ = {
			isa = PBXGroup;
			children = (
				405E410C210A644800EB57F2 /* OfflineModeView.xib */,
				405E410E210A645400EB57F2 /* OfflineModeView.swift */,
			);
			path = Views;
			sourceTree = "<group>";
		};
		405E4109210A628F00EB57F2 /* Abstract */ = {
			isa = PBXGroup;
			children = (
				405E410A210A62C400EB57F2 /* Renderer.swift */,
			);
			path = Abstract;
			sourceTree = "<group>";
		};
		405E55302108A6B400B2622B /* Resources */ = {
			isa = PBXGroup;
			children = (
				40648E262104E28300351752 /* Assets.xcassets */,
				405E55452108CA3500B2622B /* LaunchScreen.storyboard */,
				405E55462108CA3500B2622B /* Main.storyboard */,
				405E553B2108A82200B2622B /* Localizable.strings */,
			);
			path = Resources;
			sourceTree = "<group>";
		};
		40648E132104E27E00351752 = {
			isa = PBXGroup;
			children = (
				40648E1E2104E27E00351752 /* CoinDeskApp */,
				40648E332104E28300351752 /* CoinDeskAppTests */,
				40648E1D2104E27E00351752 /* Products */,
				40648E3F2104E2D200351752 /* Frameworks */,
			);
			sourceTree = "<group>";
		};
		40648E1D2104E27E00351752 /* Products */ = {
			isa = PBXGroup;
			children = (
				40648E1C2104E27E00351752 /* CoinDeskApp.app */,
				40648E302104E28300351752 /* CoinDeskAppTests.xctest */,
			);
			name = Products;
			sourceTree = "<group>";
		};
		40648E1E2104E27E00351752 /* CoinDeskApp */ = {
			isa = PBXGroup;
			children = (
				405E4109210A628F00EB57F2 /* Abstract */,
				405E4108210A5ED600EB57F2 /* Views */,
				405E40C72109B03C00EB57F2 /* Services */,
				405E55302108A6B400B2622B /* Resources */,
				40648E1F2104E27E00351752 /* AppDelegate.swift */,
				40648E212104E27E00351752 /* ViewController.swift */,
				405E40C82109B05C00EB57F2 /* Dependency.swift */,
				40648E2B2104E28300351752 /* Info.plist */,
			);
			path = CoinDeskApp;
			sourceTree = "<group>";
		};
		40648E332104E28300351752 /* CoinDeskAppTests */ = {
			isa = PBXGroup;
			children = (
				40648E342104E28300351752 /* CoinDeskAppTests.swift */,
				40648E362104E28400351752 /* Info.plist */,
			);
			path = CoinDeskAppTests;
			sourceTree = "<group>";
		};
		40648E3F2104E2D200351752 /* Frameworks */ = {
			isa = PBXGroup;
			children = (
				405E41012109EC3100EB57F2 /* Common.framework */,
				40648E402104E2D200351752 /* CoinDeskProvider.framework */,
			);
			name = Frameworks;
			sourceTree = "<group>";
		};
/* End PBXGroup section */

/* Begin PBXNativeTarget section */
		40648E1B2104E27E00351752 /* CoinDeskApp */ = {
			isa = PBXNativeTarget;
			buildConfigurationList = 40648E392104E28400351752 /* Build configuration list for PBXNativeTarget "CoinDeskApp" */;
			buildPhases = (
				40648E182104E27E00351752 /* Sources */,
				40648E192104E27E00351752 /* Frameworks */,
				40648E1A2104E27E00351752 /* Resources */,
			);
			buildRules = (
			);
			dependencies = (
			);
			name = CoinDeskApp;
			productName = CoinDeskApp;
			productReference = 40648E1C2104E27E00351752 /* CoinDeskApp.app */;
			productType = "com.apple.product-type.application";
		};
		40648E2F2104E28300351752 /* CoinDeskAppTests */ = {
			isa = PBXNativeTarget;
			buildConfigurationList = 40648E3C2104E28400351752 /* Build configuration list for PBXNativeTarget "CoinDeskAppTests" */;
			buildPhases = (
				40648E2C2104E28300351752 /* Sources */,
				40648E2D2104E28300351752 /* Frameworks */,
				40648E2E2104E28300351752 /* Resources */,
			);
			buildRules = (
			);
			dependencies = (
				40648E322104E28300351752 /* PBXTargetDependency */,
			);
			name = CoinDeskAppTests;
			productName = CoinDeskAppTests;
			productReference = 40648E302104E28300351752 /* CoinDeskAppTests.xctest */;
			productType = "com.apple.product-type.bundle.unit-test";
		};
/* End PBXNativeTarget section */

/* Begin PBXProject section */
		40648E142104E27E00351752 /* Project object */ = {
			isa = PBXProject;
			attributes = {
				LastSwiftUpdateCheck = 0940;
				LastUpgradeCheck = 0940;
				ORGANIZATIONNAME = "Vladimir Abramichev";
				TargetAttributes = {
					40648E1B2104E27E00351752 = {
						CreatedOnToolsVersion = 9.4.1;
					};
					40648E2F2104E28300351752 = {
						CreatedOnToolsVersion = 9.4.1;
						TestTargetID = 40648E1B2104E27E00351752;
					};
				};
			};
			buildConfigurationList = 40648E172104E27E00351752 /* Build configuration list for PBXProject "CoinDeskApp" */;
			compatibilityVersion = "Xcode 9.3";
			developmentRegion = en;
			hasScannedForEncodings = 0;
			knownRegions = (
				en,
				Base,
			);
			mainGroup = 40648E132104E27E00351752;
			productRefGroup = 40648E1D2104E27E00351752 /* Products */;
			projectDirPath = "";
			projectRoot = "";
			targets = (
				40648E1B2104E27E00351752 /* CoinDeskApp */,
				40648E2F2104E28300351752 /* CoinDeskAppTests */,
			);
		};
/* End PBXProject section */

/* Begin PBXResourcesBuildPhase section */
		40648E1A2104E27E00351752 /* Resources */ = {
			isa = PBXResourcesBuildPhase;
			buildActionMask = 2147483647;
			files = (
				405E55472108CA4C00B2622B /* Main.storyboard in Resources */,
				405E55482108CA5000B2622B /* LaunchScreen.storyboard in Resources */,
				405E410D210A644800EB57F2 /* OfflineModeView.xib in Resources */,
				40648E272104E28300351752 /* Assets.xcassets in Resources */,
				405E55392108A82200B2622B /* Localizable.strings in Resources */,
			);
			runOnlyForDeploymentPostprocessing = 0;
		};
		40648E2E2104E28300351752 /* Resources */ = {
			isa = PBXResourcesBuildPhase;
			buildActionMask = 2147483647;
			files = (
			);
			runOnlyForDeploymentPostprocessing = 0;
		};
/* End PBXResourcesBuildPhase section */

/* Begin PBXSourcesBuildPhase section */
		40648E182104E27E00351752 /* Sources */ = {
			isa = PBXSourcesBuildPhase;
			buildActionMask = 2147483647;
			files = (
				405E40CD2109B26000EB57F2 /* Synchronizer.swift in Sources */,
				405E40C92109B05C00EB57F2 /* Dependency.swift in Sources */,
				405E410B210A62C400EB57F2 /* Renderer.swift in Sources */,
				405E410F210A645400EB57F2 /* OfflineModeView.swift in Sources */,
				405E40CF2109B7EC00EB57F2 /* CoinDeskDataProvider.swift in Sources */,
				405E40CB2109B09F00EB57F2 /* CacheStorage.swift in Sources */,
				40648E222104E27E00351752 /* ViewController.swift in Sources */,
				40648E202104E27E00351752 /* AppDelegate.swift in Sources */,
			);
			runOnlyForDeploymentPostprocessing = 0;
		};
		40648E2C2104E28300351752 /* Sources */ = {
			isa = PBXSourcesBuildPhase;
			buildActionMask = 2147483647;
			files = (
				40648E352104E28300351752 /* CoinDeskAppTests.swift in Sources */,
			);
			runOnlyForDeploymentPostprocessing = 0;
		};
/* End PBXSourcesBuildPhase section */

/* Begin PBXTargetDependency section */
		40648E322104E28300351752 /* PBXTargetDependency */ = {
			isa = PBXTargetDependency;
			target = 40648E1B2104E27E00351752 /* CoinDeskApp */;
			targetProxy = 40648E312104E28300351752 /* PBXContainerItemProxy */;
		};
/* End PBXTargetDependency section */

/* Begin PBXVariantGroup section */
		405E553B2108A82200B2622B /* Localizable.strings */ = {
			isa = PBXVariantGroup;
			children = (
				405E55492108CA5800B2622B /* Base */,
			);
			name = Localizable.strings;
			sourceTree = "<group>";
		};
/* End PBXVariantGroup section */

/* Begin XCBuildConfiguration section */
		40648E372104E28400351752 /* Debug */ = {
			isa = XCBuildConfiguration;
			buildSettings = {
				ALWAYS_SEARCH_USER_PATHS = NO;
				CLANG_ANALYZER_NONNULL = YES;
				CLANG_ANALYZER_NUMBER_OBJECT_CONVERSION = YES_AGGRESSIVE;
				CLANG_CXX_LANGUAGE_STANDARD = "gnu++14";
				CLANG_CXX_LIBRARY = "libc++";
				CLANG_ENABLE_MODULES = YES;
				CLANG_ENABLE_OBJC_ARC = YES;
				CLANG_ENABLE_OBJC_WEAK = YES;
				CLANG_WARN_BLOCK_CAPTURE_AUTORELEASING = YES;
				CLANG_WARN_BOOL_CONVERSION = YES;
				CLANG_WARN_COMMA = YES;
				CLANG_WARN_CONSTANT_CONVERSION = YES;
				CLANG_WARN_DEPRECATED_OBJC_IMPLEMENTATIONS = YES;
				CLANG_WARN_DIRECT_OBJC_ISA_USAGE = YES_ERROR;
				CLANG_WARN_DOCUMENTATION_COMMENTS = YES;
				CLANG_WARN_EMPTY_BODY = YES;
				CLANG_WARN_ENUM_CONVERSION = YES;
				CLANG_WARN_INFINITE_RECURSION = YES;
				CLANG_WARN_INT_CONVERSION = YES;
				CLANG_WARN_NON_LITERAL_NULL_CONVERSION = YES;
				CLANG_WARN_OBJC_IMPLICIT_RETAIN_SELF = YES;
				CLANG_WARN_OBJC_LITERAL_CONVERSION = YES;
				CLANG_WARN_OBJC_ROOT_CLASS = YES_ERROR;
				CLANG_WARN_RANGE_LOOP_ANALYSIS = YES;
				CLANG_WARN_STRICT_PROTOTYPES = YES;
				CLANG_WARN_SUSPICIOUS_MOVE = YES;
				CLANG_WARN_UNGUARDED_AVAILABILITY = YES_AGGRESSIVE;
				CLANG_WARN_UNREACHABLE_CODE = YES;
				CLANG_WARN__DUPLICATE_METHOD_MATCH = YES;
				CODE_SIGN_IDENTITY = "iPhone Developer";
				COPY_PHASE_STRIP = NO;
				DEBUG_INFORMATION_FORMAT = dwarf;
				ENABLE_STRICT_OBJC_MSGSEND = YES;
				ENABLE_TESTABILITY = YES;
				GCC_C_LANGUAGE_STANDARD = gnu11;
				GCC_DYNAMIC_NO_PIC = NO;
				GCC_NO_COMMON_BLOCKS = YES;
				GCC_OPTIMIZATION_LEVEL = 0;
				GCC_PREPROCESSOR_DEFINITIONS = (
					"DEBUG=1",
					"$(inherited)",
				);
				GCC_WARN_64_TO_32_BIT_CONVERSION = YES;
				GCC_WARN_ABOUT_RETURN_TYPE = YES_ERROR;
				GCC_WARN_UNDECLARED_SELECTOR = YES;
				GCC_WARN_UNINITIALIZED_AUTOS = YES_AGGRESSIVE;
				GCC_WARN_UNUSED_FUNCTION = YES;
				GCC_WARN_UNUSED_VARIABLE = YES;
				IPHONEOS_DEPLOYMENT_TARGET = 11.4;
				MTL_ENABLE_DEBUG_INFO = YES;
				ONLY_ACTIVE_ARCH = YES;
				SDKROOT = iphoneos;
				SWIFT_ACTIVE_COMPILATION_CONDITIONS = DEBUG;
				SWIFT_OPTIMIZATION_LEVEL = "-Onone";
			};
			name = Debug;
		};
		40648E382104E28400351752 /* Release */ = {
			isa = XCBuildConfiguration;
			buildSettings = {
				ALWAYS_SEARCH_USER_PATHS = NO;
				CLANG_ANALYZER_NONNULL = YES;
				CLANG_ANALYZER_NUMBER_OBJECT_CONVERSION = YES_AGGRESSIVE;
				CLANG_CXX_LANGUAGE_STANDARD = "gnu++14";
				CLANG_CXX_LIBRARY = "libc++";
				CLANG_ENABLE_MODULES = YES;
				CLANG_ENABLE_OBJC_ARC = YES;
				CLANG_ENABLE_OBJC_WEAK = YES;
				CLANG_WARN_BLOCK_CAPTURE_AUTORELEASING = YES;
				CLANG_WARN_BOOL_CONVERSION = YES;
				CLANG_WARN_COMMA = YES;
				CLANG_WARN_CONSTANT_CONVERSION = YES;
				CLANG_WARN_DEPRECATED_OBJC_IMPLEMENTATIONS = YES;
				CLANG_WARN_DIRECT_OBJC_ISA_USAGE = YES_ERROR;
				CLANG_WARN_DOCUMENTATION_COMMENTS = YES;
				CLANG_WARN_EMPTY_BODY = YES;
				CLANG_WARN_ENUM_CONVERSION = YES;
				CLANG_WARN_INFINITE_RECURSION = YES;
				CLANG_WARN_INT_CONVERSION = YES;
				CLANG_WARN_NON_LITERAL_NULL_CONVERSION = YES;
				CLANG_WARN_OBJC_IMPLICIT_RETAIN_SELF = YES;
				CLANG_WARN_OBJC_LITERAL_CONVERSION = YES;
				CLANG_WARN_OBJC_ROOT_CLASS = YES_ERROR;
				CLANG_WARN_RANGE_LOOP_ANALYSIS = YES;
				CLANG_WARN_STRICT_PROTOTYPES = YES;
				CLANG_WARN_SUSPICIOUS_MOVE = YES;
				CLANG_WARN_UNGUARDED_AVAILABILITY = YES_AGGRESSIVE;
				CLANG_WARN_UNREACHABLE_CODE = YES;
				CLANG_WARN__DUPLICATE_METHOD_MATCH = YES;
				CODE_SIGN_IDENTITY = "iPhone Developer";
				COPY_PHASE_STRIP = NO;
				DEBUG_INFORMATION_FORMAT = "dwarf-with-dsym";
				ENABLE_NS_ASSERTIONS = NO;
				ENABLE_STRICT_OBJC_MSGSEND = YES;
				GCC_C_LANGUAGE_STANDARD = gnu11;
				GCC_NO_COMMON_BLOCKS = YES;
				GCC_WARN_64_TO_32_BIT_CONVERSION = YES;
				GCC_WARN_ABOUT_RETURN_TYPE = YES_ERROR;
				GCC_WARN_UNDECLARED_SELECTOR = YES;
				GCC_WARN_UNINITIALIZED_AUTOS = YES_AGGRESSIVE;
				GCC_WARN_UNUSED_FUNCTION = YES;
				GCC_WARN_UNUSED_VARIABLE = YES;
				IPHONEOS_DEPLOYMENT_TARGET = 11.4;
				MTL_ENABLE_DEBUG_INFO = NO;
				SDKROOT = iphoneos;
				SWIFT_COMPILATION_MODE = wholemodule;
				SWIFT_OPTIMIZATION_LEVEL = "-O";
				VALIDATE_PRODUCT = YES;
			};
			name = Release;
		};
		40648E3A2104E28400351752 /* Debug */ = {
			isa = XCBuildConfiguration;
			buildSettings = {
				ASSETCATALOG_COMPILER_APPICON_NAME = AppIcon;
				CODE_SIGN_STYLE = Automatic;
				DEVELOPMENT_TEAM = W82TD576YU;
				INFOPLIST_FILE = CoinDeskApp/Info.plist;
				LD_RUNPATH_SEARCH_PATHS = (
					"$(inherited)",
					"@executable_path/Frameworks",
				);
				PRODUCT_BUNDLE_IDENTIFIER = com.descorp.CoinDeskApp;
				PRODUCT_NAME = "$(TARGET_NAME)";
				SWIFT_VERSION = 4.0;
				TARGETED_DEVICE_FAMILY = "1,2";
			};
			name = Debug;
		};
		40648E3B2104E28400351752 /* Release */ = {
			isa = XCBuildConfiguration;
			buildSettings = {
				ASSETCATALOG_COMPILER_APPICON_NAME = AppIcon;
				CODE_SIGN_STYLE = Automatic;
				DEVELOPMENT_TEAM = W82TD576YU;
				INFOPLIST_FILE = CoinDeskApp/Info.plist;
				LD_RUNPATH_SEARCH_PATHS = (
					"$(inherited)",
					"@executable_path/Frameworks",
				);
				PRODUCT_BUNDLE_IDENTIFIER = com.descorp.CoinDeskApp;
				PRODUCT_NAME = "$(TARGET_NAME)";
				SWIFT_VERSION = 4.0;
				TARGETED_DEVICE_FAMILY = "1,2";
			};
			name = Release;
		};
		40648E3D2104E28400351752 /* Debug */ = {
			isa = XCBuildConfiguration;
			buildSettings = {
				ALWAYS_EMBED_SWIFT_STANDARD_LIBRARIES = YES;
				BUNDLE_LOADER = "$(TEST_HOST)";
				CODE_SIGN_STYLE = Automatic;
				DEVELOPMENT_TEAM = W82TD576YU;
				INFOPLIST_FILE = CoinDeskAppTests/Info.plist;
				LD_RUNPATH_SEARCH_PATHS = (
					"$(inherited)",
					"@executable_path/Frameworks",
					"@loader_path/Frameworks",
				);
				PRODUCT_BUNDLE_IDENTIFIER = com.descorp.CoinDeskAppTests;
				PRODUCT_NAME = "$(TARGET_NAME)";
				SWIFT_VERSION = 4.0;
				TARGETED_DEVICE_FAMILY = "1,2";
				TEST_HOST = "$(BUILT_PRODUCTS_DIR)/CoinDeskApp.app/CoinDeskApp";
			};
			name = Debug;
		};
		40648E3E2104E28400351752 /* Release */ = {
			isa = XCBuildConfiguration;
			buildSettings = {
				ALWAYS_EMBED_SWIFT_STANDARD_LIBRARIES = YES;
				BUNDLE_LOADER = "$(TEST_HOST)";
				CODE_SIGN_STYLE = Automatic;
				DEVELOPMENT_TEAM = W82TD576YU;
				INFOPLIST_FILE = CoinDeskAppTests/Info.plist;
				LD_RUNPATH_SEARCH_PATHS = (
					"$(inherited)",
					"@executable_path/Frameworks",
					"@loader_path/Frameworks",
				);
				PRODUCT_BUNDLE_IDENTIFIER = com.descorp.CoinDeskAppTests;
				PRODUCT_NAME = "$(TARGET_NAME)";
				SWIFT_VERSION = 4.0;
				TARGETED_DEVICE_FAMILY = "1,2";
				TEST_HOST = "$(BUILT_PRODUCTS_DIR)/CoinDeskApp.app/CoinDeskApp";
			};
			name = Release;
		};
/* End XCBuildConfiguration section */

/* Begin XCConfigurationList section */
		40648E172104E27E00351752 /* Build configuration list for PBXProject "CoinDeskApp" */ = {
			isa = XCConfigurationList;
			buildConfigurations = (
				40648E372104E28400351752 /* Debug */,
				40648E382104E28400351752 /* Release */,
			);
			defaultConfigurationIsVisible = 0;
			defaultConfigurationName = Release;
		};
		40648E392104E28400351752 /* Build configuration list for PBXNativeTarget "CoinDeskApp" */ = {
			isa = XCConfigurationList;
			buildConfigurations = (
				40648E3A2104E28400351752 /* Debug */,
				40648E3B2104E28400351752 /* Release */,
			);
			defaultConfigurationIsVisible = 0;
			defaultConfigurationName = Release;
		};
		40648E3C2104E28400351752 /* Build configuration list for PBXNativeTarget "CoinDeskAppTests" */ = {
			isa = XCConfigurationList;
			buildConfigurations = (
				40648E3D2104E28400351752 /* Debug */,
				40648E3E2104E28400351752 /* Release */,
			);
			defaultConfigurationIsVisible = 0;
			defaultConfigurationName = Release;
		};
/* End XCConfigurationList section */
	};
	rootObject = 40648E142104E27E00351752 /* Project object */;
}
