// !$*UTF8*$!
{
	archiveVersion = 1;
	classes = {
	};
	objectVersion = 50;
	objects = {

/* Begin PBXBuildFile section */
		40387DBB210C7E0C00D2E2CF /* Coordinator.swift in Sources */ = {isa = PBXBuildFile; fileRef = 40387DBA210C7E0C00D2E2CF /* Coordinator.swift */; };
		40387DBD210CBE4C00D2E2CF /* AppCoordinator.swift in Sources */ = {isa = PBXBuildFile; fileRef = 40387DBC210CBE4C00D2E2CF /* AppCoordinator.swift */; };
		40387DC2210CF01000D2E2CF /* BitcoinIndexCoordinator.swift in Sources */ = {isa = PBXBuildFile; fileRef = 40387DC1210CF01000D2E2CF /* BitcoinIndexCoordinator.swift */; };
		40387DC4210D038400D2E2CF /* BaseViewController.swift in Sources */ = {isa = PBXBuildFile; fileRef = 40387DC3210D038400D2E2CF /* BaseViewController.swift */; };
		40387DC6210DAC6000D2E2CF /* BitcoinIndexBaseView.xib in Resources */ = {isa = PBXBuildFile; fileRef = 40387DC5210DAC6000D2E2CF /* BitcoinIndexBaseView.xib */; };
		40387DC8210DAD5400D2E2CF /* BitcoinIndexBaseView.swift in Sources */ = {isa = PBXBuildFile; fileRef = 40387DC7210DAD5400D2E2CF /* BitcoinIndexBaseView.swift */; };
		40387DCA210DC5F500D2E2CF /* IndexBodyView.xib in Resources */ = {isa = PBXBuildFile; fileRef = 40387DC9210DC5F500D2E2CF /* IndexBodyView.xib */; };
		40387DCC210DC61B00D2E2CF /* IndexBodyView.swift in Sources */ = {isa = PBXBuildFile; fileRef = 40387DCB210DC61B00D2E2CF /* IndexBodyView.swift */; };
		40387DD3210E59E600D2E2CF /* TableViewExtensions.swift in Sources */ = {isa = PBXBuildFile; fileRef = 40387DD2210E59E600D2E2CF /* TableViewExtensions.swift */; };
		40387DD5210E5B0700D2E2CF /* StringExtensions.swift in Sources */ = {isa = PBXBuildFile; fileRef = 40387DD4210E5B0700D2E2CF /* StringExtensions.swift */; };
		40387DD7210E5D5400D2E2CF /* PriceIndexHistoryRecordCellView.xib in Resources */ = {isa = PBXBuildFile; fileRef = 40387DD6210E5D5400D2E2CF /* PriceIndexHistoryRecordCellView.xib */; };
		40387DD9210E5D7500D2E2CF /* PriceIndexHistoryRecordCellView.swift in Sources */ = {isa = PBXBuildFile; fileRef = 40387DD8210E5D7500D2E2CF /* PriceIndexHistoryRecordCellView.swift */; };
		40387DDB210E6B9500D2E2CF /* DateExtensions.swift in Sources */ = {isa = PBXBuildFile; fileRef = 40387DDA210E6B9500D2E2CF /* DateExtensions.swift */; };
		40387DDC210F0CF400D2E2CF /* Common.framework in Frameworks */ = {isa = PBXBuildFile; fileRef = 405E41012109EC3100EB57F2 /* Common.framework */; };
		40387DDD210F0CF400D2E2CF /* Common.framework in Embed Frameworks */ = {isa = PBXBuildFile; fileRef = 405E41012109EC3100EB57F2 /* Common.framework */; settings = {ATTRIBUTES = (CodeSignOnCopy, RemoveHeadersOnCopy, ); }; };
		40387DDE210F0CF400D2E2CF /* CoinDeskProvider.framework in Frameworks */ = {isa = PBXBuildFile; fileRef = 40648E402104E2D200351752 /* CoinDeskProvider.framework */; };
		40387DDF210F0CF400D2E2CF /* CoinDeskProvider.framework in Embed Frameworks */ = {isa = PBXBuildFile; fileRef = 40648E402104E2D200351752 /* CoinDeskProvider.framework */; settings = {ATTRIBUTES = (CodeSignOnCopy, RemoveHeadersOnCopy, ); }; };
		405E40CB2109B09F00EB57F2 /* CacheStorage.swift in Sources */ = {isa = PBXBuildFile; fileRef = 405E40CA2109B09F00EB57F2 /* CacheStorage.swift */; };
		405E40CD2109B26000EB57F2 /* Synchronizer.swift in Sources */ = {isa = PBXBuildFile; fileRef = 405E40CC2109B26000EB57F2 /* Synchronizer.swift */; };
		405E40CF2109B7EC00EB57F2 /* CoinDeskDataProvider.swift in Sources */ = {isa = PBXBuildFile; fileRef = 405E40CE2109B7EC00EB57F2 /* CoinDeskDataProvider.swift */; };
		405E410B210A62C400EB57F2 /* Renderer.swift in Sources */ = {isa = PBXBuildFile; fileRef = 405E410A210A62C400EB57F2 /* Renderer.swift */; };
		405E410D210A644800EB57F2 /* OfflineModeView.xib in Resources */ = {isa = PBXBuildFile; fileRef = 405E410C210A644800EB57F2 /* OfflineModeView.xib */; };
		405E410F210A645400EB57F2 /* OfflineModeView.swift in Sources */ = {isa = PBXBuildFile; fileRef = 405E410E210A645400EB57F2 /* OfflineModeView.swift */; };
		405E4111210A697800EB57F2 /* LoadingView.xib in Resources */ = {isa = PBXBuildFile; fileRef = 405E4110210A697800EB57F2 /* LoadingView.xib */; };
		405E4113210A698600EB57F2 /* LoadingView.swift in Sources */ = {isa = PBXBuildFile; fileRef = 405E4112210A698600EB57F2 /* LoadingView.swift */; };
		405E4115210BBF5100EB57F2 /* IndexHeaderView.xib in Resources */ = {isa = PBXBuildFile; fileRef = 405E4114210BBF5100EB57F2 /* IndexHeaderView.xib */; };
		405E4117210BBF5C00EB57F2 /* IndexHeaderView.swift in Sources */ = {isa = PBXBuildFile; fileRef = 405E4116210BBF5C00EB57F2 /* IndexHeaderView.swift */; };
		405E55392108A82200B2622B /* Localizable.strings in Resources */ = {isa = PBXBuildFile; fileRef = 405E553B2108A82200B2622B /* Localizable.strings */; };
		405E55482108CA5000B2622B /* LaunchScreen.storyboard in Resources */ = {isa = PBXBuildFile; fileRef = 405E55452108CA3500B2622B /* LaunchScreen.storyboard */; };
		40648E202104E27E00351752 /* AppDelegate.swift in Sources */ = {isa = PBXBuildFile; fileRef = 40648E1F2104E27E00351752 /* AppDelegate.swift */; };
		40648E222104E27E00351752 /* BitcoinIndexViewController.swift in Sources */ = {isa = PBXBuildFile; fileRef = 40648E212104E27E00351752 /* BitcoinIndexViewController.swift */; };
		40648E272104E28300351752 /* Assets.xcassets in Resources */ = {isa = PBXBuildFile; fileRef = 40648E262104E28300351752 /* Assets.xcassets */; };
		40648E352104E28300351752 /* CoinDeskAppTests.swift in Sources */ = {isa = PBXBuildFile; fileRef = 40648E342104E28300351752 /* CoinDeskAppTests.swift */; };
/* End PBXBuildFile section */

/* Begin PBXContainerItemProxy section */
		40648E312104E28300351752 /* PBXContainerItemProxy */ = {
			isa = PBXContainerItemProxy;
			containerPortal = 40648E142104E27E00351752 /* Project object */;
			proxyType = 1;
			remoteGlobalIDString = 40648E1B2104E27E00351752;
			remoteInfo = CoinDeskApp;
		};
/* End PBXContainerItemProxy section */

/* Begin PBXCopyFilesBuildPhase section */
		40387DE0210F0CF400D2E2CF /* Embed Frameworks */ = {
			isa = PBXCopyFilesBuildPhase;
			buildActionMask = 2147483647;
			dstPath = "";
			dstSubfolderSpec = 10;
			files = (
				40387DDD210F0CF400D2E2CF /* Common.framework in Embed Frameworks */,
				40387DDF210F0CF400D2E2CF /* CoinDeskProvider.framework in Embed Frameworks */,
			);
			name = "Embed Frameworks";
			runOnlyForDeploymentPostprocessing = 0;
		};
/* End PBXCopyFilesBuildPhase section */

/* Begin PBXFileReference section */
		40387DBA210C7E0C00D2E2CF /* Coordinator.swift */ = {isa = PBXFileReference; lastKnownFileType = sourcecode.swift; path = Coordinator.swift; sourceTree = "<group>"; };
		40387DBC210CBE4C00D2E2CF /* AppCoordinator.swift */ = {isa = PBXFileReference; lastKnownFileType = sourcecode.swift; path = AppCoordinator.swift; sourceTree = "<group>"; };
		40387DC1210CF01000D2E2CF /* BitcoinIndexCoordinator.swift */ = {isa = PBXFileReference; lastKnownFileType = sourcecode.swift; path = BitcoinIndexCoordinator.swift; sourceTree = "<group>"; };
		40387DC3210D038400D2E2CF /* BaseViewController.swift */ = {isa = PBXFileReference; lastKnownFileType = sourcecode.swift; path = BaseViewController.swift; sourceTree = "<group>"; };
		40387DC5210DAC6000D2E2CF /* BitcoinIndexBaseView.xib */ = {isa = PBXFileReference; lastKnownFileType = file.xib; path = BitcoinIndexBaseView.xib; sourceTree = "<group>"; };
		40387DC7210DAD5400D2E2CF /* BitcoinIndexBaseView.swift */ = {isa = PBXFileReference; lastKnownFileType = sourcecode.swift; path = BitcoinIndexBaseView.swift; sourceTree = "<group>"; };
		40387DC9210DC5F500D2E2CF /* IndexBodyView.xib */ = {isa = PBXFileReference; lastKnownFileType = file.xib; path = IndexBodyView.xib; sourceTree = "<group>"; };
		40387DCB210DC61B00D2E2CF /* IndexBodyView.swift */ = {isa = PBXFileReference; lastKnownFileType = sourcecode.swift; path = IndexBodyView.swift; sourceTree = "<group>"; };
		40387DD2210E59E600D2E2CF /* TableViewExtensions.swift */ = {isa = PBXFileReference; lastKnownFileType = sourcecode.swift; path = TableViewExtensions.swift; sourceTree = "<group>"; };
		40387DD4210E5B0700D2E2CF /* StringExtensions.swift */ = {isa = PBXFileReference; lastKnownFileType = sourcecode.swift; path = StringExtensions.swift; sourceTree = "<group>"; };
		40387DD6210E5D5400D2E2CF /* PriceIndexHistoryRecordCellView.xib */ = {isa = PBXFileReference; lastKnownFileType = file.xib; path = PriceIndexHistoryRecordCellView.xib; sourceTree = "<group>"; };
		40387DD8210E5D7500D2E2CF /* PriceIndexHistoryRecordCellView.swift */ = {isa = PBXFileReference; lastKnownFileType = sourcecode.swift; path = PriceIndexHistoryRecordCellView.swift; sourceTree = "<group>"; };
		40387DDA210E6B9500D2E2CF /* DateExtensions.swift */ = {isa = PBXFileReference; lastKnownFileType = sourcecode.swift; path = DateExtensions.swift; sourceTree = "<group>"; };
		405E40CA2109B09F00EB57F2 /* CacheStorage.swift */ = {isa = PBXFileReference; lastKnownFileType = sourcecode.swift; path = CacheStorage.swift; sourceTree = "<group>"; };
		405E40CC2109B26000EB57F2 /* Synchronizer.swift */ = {isa = PBXFileReference; lastKnownFileType = sourcecode.swift; path = Synchronizer.swift; sourceTree = "<group>"; };
		405E40CE2109B7EC00EB57F2 /* CoinDeskDataProvider.swift */ = {isa = PBXFileReference; lastKnownFileType = sourcecode.swift; path = CoinDeskDataProvider.swift; sourceTree = "<group>"; };
		405E41012109EC3100EB57F2 /* Common.framework */ = {isa = PBXFileReference; explicitFileType = wrapper.framework; path = Common.framework; sourceTree = BUILT_PRODUCTS_DIR; };
		405E410A210A62C400EB57F2 /* Renderer.swift */ = {isa = PBXFileReference; lastKnownFileType = sourcecode.swift; path = Renderer.swift; sourceTree = "<group>"; };
		405E410C210A644800EB57F2 /* OfflineModeView.xib */ = {isa = PBXFileReference; lastKnownFileType = file.xib; path = OfflineModeView.xib; sourceTree = "<group>"; };
		405E410E210A645400EB57F2 /* OfflineModeView.swift */ = {isa = PBXFileReference; lastKnownFileType = sourcecode.swift; path = OfflineModeView.swift; sourceTree = "<group>"; };
		405E4110210A697800EB57F2 /* LoadingView.xib */ = {isa = PBXFileReference; lastKnownFileType = file.xib; path = LoadingView.xib; sourceTree = "<group>"; };
		405E4112210A698600EB57F2 /* LoadingView.swift */ = {isa = PBXFileReference; lastKnownFileType = sourcecode.swift; path = LoadingView.swift; sourceTree = "<group>"; };
		405E4114210BBF5100EB57F2 /* IndexHeaderView.xib */ = {isa = PBXFileReference; lastKnownFileType = file.xib; path = IndexHeaderView.xib; sourceTree = "<group>"; };
		405E4116210BBF5C00EB57F2 /* IndexHeaderView.swift */ = {isa = PBXFileReference; lastKnownFileType = sourcecode.swift; path = IndexHeaderView.swift; sourceTree = "<group>"; };
		405E55452108CA3500B2622B /* LaunchScreen.storyboard */ = {isa = PBXFileReference; lastKnownFileType = file.storyboard; path = LaunchScreen.storyboard; sourceTree = "<group>"; };
		405E55492108CA5800B2622B /* Base */ = {isa = PBXFileReference; lastKnownFileType = text.plist.strings; name = Base; path = Base.lproj/Localizable.strings; sourceTree = "<group>"; };
		40648E1C2104E27E00351752 /* CoinDeskApp.app */ = {isa = PBXFileReference; explicitFileType = wrapper.application; includeInIndex = 0; path = CoinDeskApp.app; sourceTree = BUILT_PRODUCTS_DIR; };
		40648E1F2104E27E00351752 /* AppDelegate.swift */ = {isa = PBXFileReference; lastKnownFileType = sourcecode.swift; path = AppDelegate.swift; sourceTree = "<group>"; };
		40648E212104E27E00351752 /* BitcoinIndexViewController.swift */ = {isa = PBXFileReference; lastKnownFileType = sourcecode.swift; path = BitcoinIndexViewController.swift; sourceTree = "<group>"; };
		40648E262104E28300351752 /* Assets.xcassets */ = {isa = PBXFileReference; lastKnownFileType = folder.assetcatalog; path = Assets.xcassets; sourceTree = "<group>"; };
		40648E2B2104E28300351752 /* Info.plist */ = {isa = PBXFileReference; lastKnownFileType = text.plist.xml; path = Info.plist; sourceTree = "<group>"; };
		40648E302104E28300351752 /* CoinDeskAppTests.xctest */ = {isa = PBXFileReference; explicitFileType = wrapper.cfbundle; includeInIndex = 0; path = CoinDeskAppTests.xctest; sourceTree = BUILT_PRODUCTS_DIR; };
		40648E342104E28300351752 /* CoinDeskAppTests.swift */ = {isa = PBXFileReference; lastKnownFileType = sourcecode.swift; path = CoinDeskAppTests.swift; sourceTree = "<group>"; };
		40648E362104E28400351752 /* Info.plist */ = {isa = PBXFileReference; lastKnownFileType = text.plist.xml; path = Info.plist; sourceTree = "<group>"; };
		40648E402104E2D200351752 /* CoinDeskProvider.framework */ = {isa = PBXFileReference; explicitFileType = wrapper.framework; path = CoinDeskProvider.framework; sourceTree = BUILT_PRODUCTS_DIR; };
/* End PBXFileReference section */

/* Begin PBXFrameworksBuildPhase section */
		40648E192104E27E00351752 /* Frameworks */ = {
			isa = PBXFrameworksBuildPhase;
			buildActionMask = 2147483647;
			files = (
				40387DDC210F0CF400D2E2CF /* Common.framework in Frameworks */,
				40387DDE210F0CF400D2E2CF /* CoinDeskProvider.framework in Frameworks */,
			);
			runOnlyForDeploymentPostprocessing = 0;
		};
		40648E2D2104E28300351752 /* Frameworks */ = {
			isa = PBXFrameworksBuildPhase;
			buildActionMask = 2147483647;
			files = (
			);
			runOnlyForDeploymentPostprocessing = 0;
		};
/* End PBXFrameworksBuildPhase section */

/* Begin PBXGroup section */
		40387DB9210C7DF900D2E2CF /* FlowCoordinator */ = {
			isa = PBXGroup;
			children = (
				40387DBC210CBE4C00D2E2CF /* AppCoordinator.swift */,
				40387DC1210CF01000D2E2CF /* BitcoinIndexCoordinator.swift */,
			);
			path = FlowCoordinator;
			sourceTree = "<group>";
		};
		40387DBE210CEEB300D2E2CF /* Scenes */ = {
			isa = PBXGroup;
			children = (
				40387DBF210CEEBF00D2E2CF /* BitcoinIndex */,
			);
			path = Scenes;
			sourceTree = "<group>";
		};
		40387DBF210CEEBF00D2E2CF /* BitcoinIndex */ = {
			isa = PBXGroup;
			children = (
				405E4108210A5ED600EB57F2 /* Views */,
				40648E212104E27E00351752 /* BitcoinIndexViewController.swift */,
			);
			path = BitcoinIndex;
			sourceTree = "<group>";
		};
		40387DD1210E59C000D2E2CF /* Extensions */ = {
			isa = PBXGroup;
			children = (
				40387DD2210E59E600D2E2CF /* TableViewExtensions.swift */,
				40387DD4210E5B0700D2E2CF /* StringExtensions.swift */,
				40387DDA210E6B9500D2E2CF /* DateExtensions.swift */,
			);
			path = Extensions;
			sourceTree = "<group>";
		};
		405E40C72109B03C00EB57F2 /* Services */ = {
			isa = PBXGroup;
			children = (
				405E40CA2109B09F00EB57F2 /* CacheStorage.swift */,
				405E40CC2109B26000EB57F2 /* Synchronizer.swift */,
				405E40CE2109B7EC00EB57F2 /* CoinDeskDataProvider.swift */,
			);
			path = Services;
			sourceTree = "<group>";
		};
		405E4108210A5ED600EB57F2 /* Views */ = {
			isa = PBXGroup;
			children = (
				405E410C210A644800EB57F2 /* OfflineModeView.xib */,
				405E410E210A645400EB57F2 /* OfflineModeView.swift */,
				405E4110210A697800EB57F2 /* LoadingView.xib */,
				405E4112210A698600EB57F2 /* LoadingView.swift */,
				405E4114210BBF5100EB57F2 /* IndexHeaderView.xib */,
				405E4116210BBF5C00EB57F2 /* IndexHeaderView.swift */,
				40387DC9210DC5F500D2E2CF /* IndexBodyView.xib */,
				40387DCB210DC61B00D2E2CF /* IndexBodyView.swift */,
				40387DC5210DAC6000D2E2CF /* BitcoinIndexBaseView.xib */,
				40387DC7210DAD5400D2E2CF /* BitcoinIndexBaseView.swift */,
				40387DD6210E5D5400D2E2CF /* PriceIndexHistoryRecordCellView.xib */,
				40387DD8210E5D7500D2E2CF /* PriceIndexHistoryRecordCellView.swift */,
			);
			path = Views;
			sourceTree = "<group>";
		};
		405E4109210A628F00EB57F2 /* Abstract */ = {
			isa = PBXGroup;
			children = (
				40387DBA210C7E0C00D2E2CF /* Coordinator.swift */,
				405E410A210A62C400EB57F2 /* Renderer.swift */,
				40387DC3210D038400D2E2CF /* BaseViewController.swift */,
			);
			path = Abstract;
			sourceTree = "<group>";
		};
		405E55302108A6B400B2622B /* Resources */ = {
			isa = PBXGroup;
			children = (
				40648E262104E28300351752 /* Assets.xcassets */,
				405E55452108CA3500B2622B /* LaunchScreen.storyboard */,
				405E553B2108A82200B2622B /* Localizable.strings */,
			);
			path = Resources;
			sourceTree = "<group>";
		};
		40648E132104E27E00351752 = {
			isa = PBXGroup;
			children = (
				40648E1E2104E27E00351752 /* CoinDeskApp */,
				40648E332104E28300351752 /* CoinDeskAppTests */,
				40648E1D2104E27E00351752 /* Products */,
				40648E3F2104E2D200351752 /* Frameworks */,
			);
			sourceTree = "<group>";
		};
		40648E1D2104E27E00351752 /* Products */ = {
			isa = PBXGroup;
			children = (
				40648E1C2104E27E00351752 /* CoinDeskApp.app */,
				40648E302104E28300351752 /* CoinDeskAppTests.xctest */,
			);
			name = Products;
			sourceTree = "<group>";
		};
		40648E1E2104E27E00351752 /* CoinDeskApp */ = {
			isa = PBXGroup;
			children = (
				40387DBE210CEEB300D2E2CF /* Scenes */,
				40387DB9210C7DF900D2E2CF /* FlowCoordinator */,
				405E4109210A628F00EB57F2 /* Abstract */,
				405E40C72109B03C00EB57F2 /* Services */,
				40387DD1210E59C000D2E2CF /* Extensions */,
				405E55302108A6B400B2622B /* Resources */,
				40648E1F2104E27E00351752 /* AppDelegate.swift */,
				40648E2B2104E28300351752 /* Info.plist */,
			);
			path = CoinDeskApp;
			sourceTree = "<group>";
		};
		40648E332104E28300351752 /* CoinDeskAppTests */ = {
			isa = PBXGroup;
			children = (
				40648E342104E28300351752 /* CoinDeskAppTests.swift */,
				40648E362104E28400351752 /* Info.plist */,
			);
			path = CoinDeskAppTests;
			sourceTree = "<group>";
		};
		40648E3F2104E2D200351752 /* Frameworks */ = {
			isa = PBXGroup;
			children = (
				405E41012109EC3100EB57F2 /* Common.framework */,
				40648E402104E2D200351752 /* CoinDeskProvider.framework */,
			);
			name = Frameworks;
			sourceTree = "<group>";
		};
/* End PBXGroup section */

/* Begin PBXNativeTarget section */
		40648E1B2104E27E00351752 /* CoinDeskApp */ = {
			isa = PBXNativeTarget;
			buildConfigurationList = 40648E392104E28400351752 /* Build configuration list for PBXNativeTarget "CoinDeskApp" */;
			buildPhases = (
				40648E182104E27E00351752 /* Sources */,
				40648E192104E27E00351752 /* Frameworks */,
				40648E1A2104E27E00351752 /* Resources */,
				40387DE0210F0CF400D2E2CF /* Embed Frameworks */,
			);
			buildRules = (
			);
			dependencies = (
			);
			name = CoinDeskApp;
			productName = CoinDeskApp;
			productReference = 40648E1C2104E27E00351752 /* CoinDeskApp.app */;
			productType = "com.apple.product-type.application";
		};
		40648E2F2104E28300351752 /* CoinDeskAppTests */ = {
			isa = PBXNativeTarget;
			buildConfigurationList = 40648E3C2104E28400351752 /* Build configuration list for PBXNativeTarget "CoinDeskAppTests" */;
			buildPhases = (
				40648E2C2104E28300351752 /* Sources */,
				40648E2D2104E28300351752 /* Frameworks */,
				40648E2E2104E28300351752 /* Resources */,
			);
			buildRules = (
			);
			dependencies = (
				40648E322104E28300351752 /* PBXTargetDependency */,
			);
			name = CoinDeskAppTests;
			productName = CoinDeskAppTests;
			productReference = 40648E302104E28300351752 /* CoinDeskAppTests.xctest */;
			productType = "com.apple.product-type.bundle.unit-test";
		};
/* End PBXNativeTarget section */

/* Begin PBXProject section */
		40648E142104E27E00351752 /* Project object */ = {
			isa = PBXProject;
			attributes = {
				LastSwiftUpdateCheck = 0940;
				LastUpgradeCheck = 0940;
				ORGANIZATIONNAME = "Vladimir Abramichev";
				TargetAttributes = {
					40648E1B2104E27E00351752 = {
						CreatedOnToolsVersion = 9.4.1;
					};
					40648E2F2104E28300351752 = {
						CreatedOnToolsVersion = 9.4.1;
						TestTargetID = 40648E1B2104E27E00351752;
					};
				};
			};
			buildConfigurationList = 40648E172104E27E00351752 /* Build configuration list for PBXProject "CoinDeskApp" */;
			compatibilityVersion = "Xcode 9.3";
			developmentRegion = en;
			hasScannedForEncodings = 0;
			knownRegions = (
				en,
				Base,
			);
			mainGroup = 40648E132104E27E00351752;
			productRefGroup = 40648E1D2104E27E00351752 /* Products */;
			projectDirPath = "";
			projectRoot = "";
			targets = (
				40648E1B2104E27E00351752 /* CoinDeskApp */,
				40648E2F2104E28300351752 /* CoinDeskAppTests */,
			);
		};
/* End PBXProject section */

/* Begin PBXResourcesBuildPhase section */
		40648E1A2104E27E00351752 /* Resources */ = {
			isa = PBXResourcesBuildPhase;
			buildActionMask = 2147483647;
			files = (
				405E55482108CA5000B2622B /* LaunchScreen.storyboard in Resources */,
				405E410D210A644800EB57F2 /* OfflineModeView.xib in Resources */,
				405E4111210A697800EB57F2 /* LoadingView.xib in Resources */,
				40387DCA210DC5F500D2E2CF /* IndexBodyView.xib in Resources */,
				40387DD7210E5D5400D2E2CF /* PriceIndexHistoryRecordCellView.xib in Resources */,
				40648E272104E28300351752 /* Assets.xcassets in Resources */,
				40387DC6210DAC6000D2E2CF /* BitcoinIndexBaseView.xib in Resources */,
				405E4115210BBF5100EB57F2 /* IndexHeaderView.xib in Resources */,
				405E55392108A82200B2622B /* Localizable.strings in Resources */,
			);
			runOnlyForDeploymentPostprocessing = 0;
		};
		40648E2E2104E28300351752 /* Resources */ = {
			isa = PBXResourcesBuildPhase;
			buildActionMask = 2147483647;
			files = (
			);
			runOnlyForDeploymentPostprocessing = 0;
		};
/* End PBXResourcesBuildPhase section */

/* Begin PBXSourcesBuildPhase section */
		40648E182104E27E00351752 /* Sources */ = {
			isa = PBXSourcesBuildPhase;
			buildActionMask = 2147483647;
			files = (
				40387DC4210D038400D2E2CF /* BaseViewController.swift in Sources */,
				40387DBD210CBE4C00D2E2CF /* AppCoordinator.swift in Sources */,
				40387DCC210DC61B00D2E2CF /* IndexBodyView.swift in Sources */,
				405E40CD2109B26000EB57F2 /* Synchronizer.swift in Sources */,
				405E4117210BBF5C00EB57F2 /* IndexHeaderView.swift in Sources */,
				40387DBB210C7E0C00D2E2CF /* Coordinator.swift in Sources */,
				40387DDB210E6B9500D2E2CF /* DateExtensions.swift in Sources */,
				40387DC2210CF01000D2E2CF /* BitcoinIndexCoordinator.swift in Sources */,
				40387DD9210E5D7500D2E2CF /* PriceIndexHistoryRecordCellView.swift in Sources */,
				405E410B210A62C400EB57F2 /* Renderer.swift in Sources */,
				40387DD3210E59E600D2E2CF /* TableViewExtensions.swift in Sources */,
				405E410F210A645400EB57F2 /* OfflineModeView.swift in Sources */,
				405E40CF2109B7EC00EB57F2 /* CoinDeskDataProvider.swift in Sources */,
				40387DD5210E5B0700D2E2CF /* StringExtensions.swift in Sources */,
				405E40CB2109B09F00EB57F2 /* CacheStorage.swift in Sources */,
				40648E222104E27E00351752 /* BitcoinIndexViewController.swift in Sources */,
				40387DC8210DAD5400D2E2CF /* BitcoinIndexBaseView.swift in Sources */,
				40648E202104E27E00351752 /* AppDelegate.swift in Sources */,
				405E4113210A698600EB57F2 /* LoadingView.swift in Sources */,
			);
			runOnlyForDeploymentPostprocessing = 0;
		};
		40648E2C2104E28300351752 /* Sources */ = {
			isa = PBXSourcesBuildPhase;
			buildActionMask = 2147483647;
			files = (
				40648E352104E28300351752 /* CoinDeskAppTests.swift in Sources */,
			);
			runOnlyForDeploymentPostprocessing = 0;
		};
/* End PBXSourcesBuildPhase section */

/* Begin PBXTargetDependency section */
		40648E322104E28300351752 /* PBXTargetDependency */ = {
			isa = PBXTargetDependency;
			target = 40648E1B2104E27E00351752 /* CoinDeskApp */;
			targetProxy = 40648E312104E28300351752 /* PBXContainerItemProxy */;
		};
/* End PBXTargetDependency section */

/* Begin PBXVariantGroup section */
		405E553B2108A82200B2622B /* Localizable.strings */ = {
			isa = PBXVariantGroup;
			children = (
				405E55492108CA5800B2622B /* Base */,
			);
			name = Localizable.strings;
			sourceTree = "<group>";
		};
/* End PBXVariantGroup section */

/* Begin XCBuildConfiguration section */
		40648E372104E28400351752 /* Debug */ = {
			isa = XCBuildConfiguration;
			buildSettings = {
				ALWAYS_SEARCH_USER_PATHS = NO;
				CLANG_ANALYZER_NONNULL = YES;
				CLANG_ANALYZER_NUMBER_OBJECT_CONVERSION = YES_AGGRESSIVE;
				CLANG_CXX_LANGUAGE_STANDARD = "gnu++14";
				CLANG_CXX_LIBRARY = "libc++";
				CLANG_ENABLE_MODULES = YES;
				CLANG_ENABLE_OBJC_ARC = YES;
				CLANG_ENABLE_OBJC_WEAK = YES;
				CLANG_WARN_BLOCK_CAPTURE_AUTORELEASING = YES;
				CLANG_WARN_BOOL_CONVERSION = YES;
				CLANG_WARN_COMMA = YES;
				CLANG_WARN_CONSTANT_CONVERSION = YES;
				CLANG_WARN_DEPRECATED_OBJC_IMPLEMENTATIONS = YES;
				CLANG_WARN_DIRECT_OBJC_ISA_USAGE = YES_ERROR;
				CLANG_WARN_DOCUMENTATION_COMMENTS = YES;
				CLANG_WARN_EMPTY_BODY = YES;
				CLANG_WARN_ENUM_CONVERSION = YES;
				CLANG_WARN_INFINITE_RECURSION = YES;
				CLANG_WARN_INT_CONVERSION = YES;
				CLANG_WARN_NON_LITERAL_NULL_CONVERSION = YES;
				CLANG_WARN_OBJC_IMPLICIT_RETAIN_SELF = YES;
				CLANG_WARN_OBJC_LITERAL_CONVERSION = YES;
				CLANG_WARN_OBJC_ROOT_CLASS = YES_ERROR;
				CLANG_WARN_RANGE_LOOP_ANALYSIS = YES;
				CLANG_WARN_STRICT_PROTOTYPES = YES;
				CLANG_WARN_SUSPICIOUS_MOVE = YES;
				CLANG_WARN_UNGUARDED_AVAILABILITY = YES_AGGRESSIVE;
				CLANG_WARN_UNREACHABLE_CODE = YES;
				CLANG_WARN__DUPLICATE_METHOD_MATCH = YES;
				CODE_SIGN_IDENTITY = "iPhone Developer";
				COPY_PHASE_STRIP = NO;
				DEBUG_INFORMATION_FORMAT = dwarf;
				ENABLE_STRICT_OBJC_MSGSEND = YES;
				ENABLE_TESTABILITY = YES;
				GCC_C_LANGUAGE_STANDARD = gnu11;
				GCC_DYNAMIC_NO_PIC = NO;
				GCC_NO_COMMON_BLOCKS = YES;
				GCC_OPTIMIZATION_LEVEL = 0;
				GCC_PREPROCESSOR_DEFINITIONS = (
					"DEBUG=1",
					"$(inherited)",
				);
				GCC_WARN_64_TO_32_BIT_CONVERSION = YES;
				GCC_WARN_ABOUT_RETURN_TYPE = YES_ERROR;
				GCC_WARN_UNDECLARED_SELECTOR = YES;
				GCC_WARN_UNINITIALIZED_AUTOS = YES_AGGRESSIVE;
				GCC_WARN_UNUSED_FUNCTION = YES;
				GCC_WARN_UNUSED_VARIABLE = YES;
				IPHONEOS_DEPLOYMENT_TARGET = 11.4;
				MTL_ENABLE_DEBUG_INFO = YES;
				ONLY_ACTIVE_ARCH = YES;
				SDKROOT = iphoneos;
				SWIFT_ACTIVE_COMPILATION_CONDITIONS = DEBUG;
				SWIFT_OPTIMIZATION_LEVEL = "-Onone";
			};
			name = Debug;
		};
		40648E382104E28400351752 /* Release */ = {
			isa = XCBuildConfiguration;
			buildSettings = {
				ALWAYS_SEARCH_USER_PATHS = NO;
				CLANG_ANALYZER_NONNULL = YES;
				CLANG_ANALYZER_NUMBER_OBJECT_CONVERSION = YES_AGGRESSIVE;
				CLANG_CXX_LANGUAGE_STANDARD = "gnu++14";
				CLANG_CXX_LIBRARY = "libc++";
				CLANG_ENABLE_MODULES = YES;
				CLANG_ENABLE_OBJC_ARC = YES;
				CLANG_ENABLE_OBJC_WEAK = YES;
				CLANG_WARN_BLOCK_CAPTURE_AUTORELEASING = YES;
				CLANG_WARN_BOOL_CONVERSION = YES;
				CLANG_WARN_COMMA = YES;
				CLANG_WARN_CONSTANT_CONVERSION = YES;
				CLANG_WARN_DEPRECATED_OBJC_IMPLEMENTATIONS = YES;
				CLANG_WARN_DIRECT_OBJC_ISA_USAGE = YES_ERROR;
				CLANG_WARN_DOCUMENTATION_COMMENTS = YES;
				CLANG_WARN_EMPTY_BODY = YES;
				CLANG_WARN_ENUM_CONVERSION = YES;
				CLANG_WARN_INFINITE_RECURSION = YES;
				CLANG_WARN_INT_CONVERSION = YES;
				CLANG_WARN_NON_LITERAL_NULL_CONVERSION = YES;
				CLANG_WARN_OBJC_IMPLICIT_RETAIN_SELF = YES;
				CLANG_WARN_OBJC_LITERAL_CONVERSION = YES;
				CLANG_WARN_OBJC_ROOT_CLASS = YES_ERROR;
				CLANG_WARN_RANGE_LOOP_ANALYSIS = YES;
				CLANG_WARN_STRICT_PROTOTYPES = YES;
				CLANG_WARN_SUSPICIOUS_MOVE = YES;
				CLANG_WARN_UNGUARDED_AVAILABILITY = YES_AGGRESSIVE;
				CLANG_WARN_UNREACHABLE_CODE = YES;
				CLANG_WARN__DUPLICATE_METHOD_MATCH = YES;
				CODE_SIGN_IDENTITY = "iPhone Developer";
				COPY_PHASE_STRIP = NO;
				DEBUG_INFORMATION_FORMAT = "dwarf-with-dsym";
				ENABLE_NS_ASSERTIONS = NO;
				ENABLE_STRICT_OBJC_MSGSEND = YES;
				GCC_C_LANGUAGE_STANDARD = gnu11;
				GCC_NO_COMMON_BLOCKS = YES;
				GCC_WARN_64_TO_32_BIT_CONVERSION = YES;
				GCC_WARN_ABOUT_RETURN_TYPE = YES_ERROR;
				GCC_WARN_UNDECLARED_SELECTOR = YES;
				GCC_WARN_UNINITIALIZED_AUTOS = YES_AGGRESSIVE;
				GCC_WARN_UNUSED_FUNCTION = YES;
				GCC_WARN_UNUSED_VARIABLE = YES;
				IPHONEOS_DEPLOYMENT_TARGET = 11.4;
				MTL_ENABLE_DEBUG_INFO = NO;
				SDKROOT = iphoneos;
				SWIFT_COMPILATION_MODE = wholemodule;
				SWIFT_OPTIMIZATION_LEVEL = "-O";
				VALIDATE_PRODUCT = YES;
			};
			name = Release;
		};
		40648E3A2104E28400351752 /* Debug */ = {
			isa = XCBuildConfiguration;
			buildSettings = {
				ASSETCATALOG_COMPILER_APPICON_NAME = AppIcon;
				CODE_SIGN_STYLE = Automatic;
				DEVELOPMENT_TEAM = R596F9CQZ5;
				INFOPLIST_FILE = CoinDeskApp/Info.plist;
				IPHONEOS_DEPLOYMENT_TARGET = 9.2;
				LD_RUNPATH_SEARCH_PATHS = (
					"$(inherited)",
					"@executable_path/Frameworks",
				);
				PRODUCT_BUNDLE_IDENTIFIER = com.descorp.CoinDeskApp;
				PRODUCT_NAME = "$(TARGET_NAME)";
				SWIFT_VERSION = 4.0;
				TARGETED_DEVICE_FAMILY = "1,2";
			};
			name = Debug;
		};
		40648E3B2104E28400351752 /* Release */ = {
			isa = XCBuildConfiguration;
			buildSettings = {
				ASSETCATALOG_COMPILER_APPICON_NAME = AppIcon;
				CODE_SIGN_STYLE = Automatic;
				DEVELOPMENT_TEAM = R596F9CQZ5;
				INFOPLIST_FILE = CoinDeskApp/Info.plist;
				IPHONEOS_DEPLOYMENT_TARGET = 9.2;
				LD_RUNPATH_SEARCH_PATHS = (
					"$(inherited)",
					"@executable_path/Frameworks",
				);
				PRODUCT_BUNDLE_IDENTIFIER = com.descorp.CoinDeskApp;
				PRODUCT_NAME = "$(TARGET_NAME)";
				SWIFT_VERSION = 4.0;
				TARGETED_DEVICE_FAMILY = "1,2";
			};
			name = Release;
		};
		40648E3D2104E28400351752 /* Debug */ = {
			isa = XCBuildConfiguration;
			buildSettings = {
				ALWAYS_EMBED_SWIFT_STANDARD_LIBRARIES = YES;
				BUNDLE_LOADER = "$(TEST_HOST)";
				CODE_SIGN_STYLE = Automatic;
				DEVELOPMENT_TEAM = W82TD576YU;
				INFOPLIST_FILE = CoinDeskAppTests/Info.plist;
				LD_RUNPATH_SEARCH_PATHS = (
					"$(inherited)",
					"@executable_path/Frameworks",
					"@loader_path/Frameworks",
				);
				PRODUCT_BUNDLE_IDENTIFIER = com.descorp.CoinDeskAppTests;
				PRODUCT_NAME = "$(TARGET_NAME)";
				SWIFT_VERSION = 4.0;
				TARGETED_DEVICE_FAMILY = "1,2";
				TEST_HOST = "$(BUILT_PRODUCTS_DIR)/CoinDeskApp.app/CoinDeskApp";
			};
			name = Debug;
		};
		40648E3E2104E28400351752 /* Release */ = {
			isa = XCBuildConfiguration;
			buildSettings = {
				ALWAYS_EMBED_SWIFT_STANDARD_LIBRARIES = YES;
				BUNDLE_LOADER = "$(TEST_HOST)";
				CODE_SIGN_STYLE = Automatic;
				DEVELOPMENT_TEAM = W82TD576YU;
				INFOPLIST_FILE = CoinDeskAppTests/Info.plist;
				LD_RUNPATH_SEARCH_PATHS = (
					"$(inherited)",
					"@executable_path/Frameworks",
					"@loader_path/Frameworks",
				);
				PRODUCT_BUNDLE_IDENTIFIER = com.descorp.CoinDeskAppTests;
				PRODUCT_NAME = "$(TARGET_NAME)";
				SWIFT_VERSION = 4.0;
				TARGETED_DEVICE_FAMILY = "1,2";
				TEST_HOST = "$(BUILT_PRODUCTS_DIR)/CoinDeskApp.app/CoinDeskApp";
			};
			name = Release;
		};
/* End XCBuildConfiguration section */

/* Begin XCConfigurationList section */
		40648E172104E27E00351752 /* Build configuration list for PBXProject "CoinDeskApp" */ = {
			isa = XCConfigurationList;
			buildConfigurations = (
				40648E372104E28400351752 /* Debug */,
				40648E382104E28400351752 /* Release */,
			);
			defaultConfigurationIsVisible = 0;
			defaultConfigurationName = Release;
		};
		40648E392104E28400351752 /* Build configuration list for PBXNativeTarget "CoinDeskApp" */ = {
			isa = XCConfigurationList;
			buildConfigurations = (
				40648E3A2104E28400351752 /* Debug */,
				40648E3B2104E28400351752 /* Release */,
			);
			defaultConfigurationIsVisible = 0;
			defaultConfigurationName = Release;
		};
		40648E3C2104E28400351752 /* Build configuration list for PBXNativeTarget "CoinDeskAppTests" */ = {
			isa = XCConfigurationList;
			buildConfigurations = (
				40648E3D2104E28400351752 /* Debug */,
				40648E3E2104E28400351752 /* Release */,
			);
			defaultConfigurationIsVisible = 0;
			defaultConfigurationName = Release;
		};
/* End XCConfigurationList section */
	};
	rootObject = 40648E142104E27E00351752 /* Project object */;
}
